
Microsoft Visual Studio Solution File, Format Version 12.00
# Visual Studio Version 16
VisualStudioVersion = 16.0.28606.126
MinimumVisualStudioVersion = 10.0.40219.1
Project("{FAE04EC0-301F-11D3-BF4B-00C04F79EFBC}") = "WpfApp1", "WpfApp1\WpfApp1.csproj", "{43936873-1AD1-4991-A481-9095558B634F}"
EndProject
Global
	GlobalSection(SolutionConfigurationPlatforms) = preSolution
		Debug|Any CPU = Debug|Any CPU
		Release|Any CPU = Release|Any CPU
	EndGlobalSection
	GlobalSection(ProjectConfigurationPlatforms) = postSolution
		{43936873-1AD1-4991-A481-9095558B634F}.Debug|Any CPU.ActiveCfg = Debug|Any CPU
		{43936873-1AD1-4991-A481-9095558B634F}.Debug|Any CPU.Build.0 = Debug|Any CPU
		{43936873-1AD1-4991-A481-9095558B634F}.Release|Any CPU.ActiveCfg = Release|Any CPU
		{43936873-1AD1-4991-A481-9095558B634F}.Release|Any CPU.Build.0 = Release|Any CPU
	EndGlobalSection
	GlobalSection(SolutionProperties) = preSolution
		HideSolutionNode = FALSE
	EndGlobalSection
	GlobalSection(ExtensibilityGlobals) = postSolution
		SolutionGuid = {467A170E-86B9-433C-B11E-4D61EA09CBAD}
	EndGlobalSection
EndGlobal
